github.com/crespire/go_logger v0.1.0 h1:sl8xHGUr9ZauvbUmlMN5+jblyPmXKHRO/1xcS2WAw7c=
github.com/crespire/go_logger v0.1.0/go.mod h1:5bXtWjwAqgNQBwo7gSVXzt9xt/cFPZ3TQI+cOyKtNsM=
github.com/crespire/go_logger v0.2.0 h1:hGxCho+SfpcBUr+gfHXBt+7p7MZRTHh9N0XdhXZrGE0=
github.com/crespire/go_logger v0.2.0/go.mod h1:5bXtWjwAqgNQBwo7gSVXzt9xt/cFPZ3TQI+cOyKtNsM=
